
Microsoft Visual Studio Solution File, Format Version 12.00
# Visual Studio 15
VisualStudioVersion = 15.0.27705.2000
MinimumVisualStudioVersion = 10.0.40219.1
Project("{8BC9CEB8-8B4A-11D0-8D11-00A0C91BC942}") = "wow64helper", "wow64helper\wow64helper.vcxproj", "{4541A331-883F-4F2E-870C-CC934FD230FE}"
EndProject
Project("{8BC9CEB8-8B4A-11D0-8D11-00A0C91BC942}") = "wsLongPaths", "wsLongPaths\wsLongPaths.vcxproj", "{251C5D3B-964A-4208-A32C-C0218E24F3BA}"
	ProjectSection(ProjectDependencies) = postProject
		{F142A341-5EE0-442D-A15F-98AE9B48DBAE} = {F142A341-5EE0-442D-A15F-98AE9B48DBAE}
		{4E8F6050-25B4-4B25-9C03-0F670D35E9A7} = {4E8F6050-25B4-4B25-9C03-0F670D35E9A7}
	EndProjectSection
EndProject
Project("{8BC9CEB8-8B4A-11D0-8D11-00A0C91BC942}") = "libMinHook", "minhook\build\VC15\libMinHook.vcxproj", "{F142A341-5EE0-442D-A15F-98AE9B48DBAE}"
EndProject
Project("{8BC9CEB8-8B4A-11D0-8D11-00A0C91BC942}") = "wsls-copy", "wsls-copy\wsls-copy.vcxproj", "{B0F05409-C785-4208-A893-D79C451B1A66}"
EndProject
Project("{8BC9CEB8-8B4A-11D0-8D11-00A0C91BC942}") = "wsls-del", "wsls-del\wsls-del.vcxproj", "{B0860421-1CFB-49FF-BF46-F52041E747E2}"
EndProject
Project("{8BC9CEB8-8B4A-11D0-8D11-00A0C91BC942}") = "libwsls", "libwsls\libwsls.vcxproj", "{4E8F6050-25B4-4B25-9C03-0F670D35E9A7}"
EndProject
Project("{2150E333-8FDC-42A3-9474-1A3956D46DE8}") = "misc", "misc", "{13C90FA4-3E91-4004-9144-DE4410E632D1}"
EndProject
Project("{2150E333-8FDC-42A3-9474-1A3956D46DE8}") = "shell", "shell", "{3E910FC3-40A4-48F0-9D0E-17D833258261}"
EndProject
Project("{2150E333-8FDC-42A3-9474-1A3956D46DE8}") = "libs", "libs", "{FE31055E-1CE4-4C51-AA64-B67E2B7A81A6}"
EndProject
Project("{8BC9CEB8-8B4A-11D0-8D11-00A0C91BC942}") = "wsls-core", "wsls-core\wsls-core.vcxproj", "{9576C26A-8F28-4B4F-8D8C-92EE4CFEBE5E}"
	ProjectSection(ProjectDependencies) = postProject
		{4E8F6050-25B4-4B25-9C03-0F670D35E9A7} = {4E8F6050-25B4-4B25-9C03-0F670D35E9A7}
	EndProjectSection
EndProject
Project("{8BC9CEB8-8B4A-11D0-8D11-00A0C91BC942}") = "test", "test\test.vcxproj", "{AE9909AA-51BF-401E-A3B0-966A587CD1C0}"
EndProject
Project("{2150E333-8FDC-42A3-9474-1A3956D46DE8}") = "test", "test", "{4E34C083-A6FF-4128-90B2-D2A6E1E3575B}"
EndProject
Project("{8BC9CEB8-8B4A-11D0-8D11-00A0C91BC942}") = "wsls-md", "wsls-md\wsls-md.vcxproj", "{9BF72423-717F-4889-A81E-7336F7A5AFAE}"
EndProject
Project("{8BC9CEB8-8B4A-11D0-8D11-00A0C91BC942}") = "wsls-echo", "wsls-echo\wsls-echo.vcxproj", "{31930FB3-9764-49B8-BE95-0403F9E5DEAC}"
EndProject
Global
	GlobalSection(SolutionConfigurationPlatforms) = preSolution
		Debug|x64 = Debug|x64
		Debug|x86 = Debug|x86
		Release|x64 = Release|x64
		Release|x86 = Release|x86
	EndGlobalSection
	GlobalSection(ProjectConfigurationPlatforms) = postSolution
		{4541A331-883F-4F2E-870C-CC934FD230FE}.Debug|x64.ActiveCfg = Debug|x64
		{4541A331-883F-4F2E-870C-CC934FD230FE}.Debug|x64.Build.0 = Debug|x64
		{4541A331-883F-4F2E-870C-CC934FD230FE}.Debug|x86.ActiveCfg = Debug|Win32
		{4541A331-883F-4F2E-870C-CC934FD230FE}.Debug|x86.Build.0 = Debug|Win32
		{4541A331-883F-4F2E-870C-CC934FD230FE}.Release|x64.ActiveCfg = Release|x64
		{4541A331-883F-4F2E-870C-CC934FD230FE}.Release|x64.Build.0 = Release|x64
		{4541A331-883F-4F2E-870C-CC934FD230FE}.Release|x86.ActiveCfg = Release|Win32
		{4541A331-883F-4F2E-870C-CC934FD230FE}.Release|x86.Build.0 = Release|Win32
		{251C5D3B-964A-4208-A32C-C0218E24F3BA}.Debug|x64.ActiveCfg = Debug|x64
		{251C5D3B-964A-4208-A32C-C0218E24F3BA}.Debug|x64.Build.0 = Debug|x64
		{251C5D3B-964A-4208-A32C-C0218E24F3BA}.Debug|x86.ActiveCfg = Debug|Win32
		{251C5D3B-964A-4208-A32C-C0218E24F3BA}.Debug|x86.Build.0 = Debug|Win32
		{251C5D3B-964A-4208-A32C-C0218E24F3BA}.Release|x64.ActiveCfg = Release|x64
		{251C5D3B-964A-4208-A32C-C0218E24F3BA}.Release|x64.Build.0 = Release|x64
		{251C5D3B-964A-4208-A32C-C0218E24F3BA}.Release|x86.ActiveCfg = Release|Win32
		{251C5D3B-964A-4208-A32C-C0218E24F3BA}.Release|x86.Build.0 = Release|Win32
		{F142A341-5EE0-442D-A15F-98AE9B48DBAE}.Debug|x64.ActiveCfg = Debug|x64
		{F142A341-5EE0-442D-A15F-98AE9B48DBAE}.Debug|x64.Build.0 = Debug|x64
		{F142A341-5EE0-442D-A15F-98AE9B48DBAE}.Debug|x86.ActiveCfg = Debug|Win32
		{F142A341-5EE0-442D-A15F-98AE9B48DBAE}.Debug|x86.Build.0 = Debug|Win32
		{F142A341-5EE0-442D-A15F-98AE9B48DBAE}.Release|x64.ActiveCfg = Release|x64
		{F142A341-5EE0-442D-A15F-98AE9B48DBAE}.Release|x64.Build.0 = Release|x64
		{F142A341-5EE0-442D-A15F-98AE9B48DBAE}.Release|x86.ActiveCfg = Release|Win32
		{F142A341-5EE0-442D-A15F-98AE9B48DBAE}.Release|x86.Build.0 = Release|Win32
		{B0F05409-C785-4208-A893-D79C451B1A66}.Debug|x64.ActiveCfg = Debug|x64
		{B0F05409-C785-4208-A893-D79C451B1A66}.Debug|x64.Build.0 = Debug|x64
		{B0F05409-C785-4208-A893-D79C451B1A66}.Debug|x86.ActiveCfg = Debug|Win32
		{B0F05409-C785-4208-A893-D79C451B1A66}.Debug|x86.Build.0 = Debug|Win32
		{B0F05409-C785-4208-A893-D79C451B1A66}.Release|x64.ActiveCfg = Release|x64
		{B0F05409-C785-4208-A893-D79C451B1A66}.Release|x64.Build.0 = Release|x64
		{B0F05409-C785-4208-A893-D79C451B1A66}.Release|x86.ActiveCfg = Release|Win32
		{B0F05409-C785-4208-A893-D79C451B1A66}.Release|x86.Build.0 = Release|Win32
		{B0860421-1CFB-49FF-BF46-F52041E747E2}.Debug|x64.ActiveCfg = Debug|x64
		{B0860421-1CFB-49FF-BF46-F52041E747E2}.Debug|x64.Build.0 = Debug|x64
		{B0860421-1CFB-49FF-BF46-F52041E747E2}.Debug|x86.ActiveCfg = Debug|Win32
		{B0860421-1CFB-49FF-BF46-F52041E747E2}.Debug|x86.Build.0 = Debug|Win32
		{B0860421-1CFB-49FF-BF46-F52041E747E2}.Release|x64.ActiveCfg = Release|x64
		{B0860421-1CFB-49FF-BF46-F52041E747E2}.Release|x64.Build.0 = Release|x64
		{B0860421-1CFB-49FF-BF46-F52041E747E2}.Release|x86.ActiveCfg = Release|Win32
		{B0860421-1CFB-49FF-BF46-F52041E747E2}.Release|x86.Build.0 = Release|Win32
		{4E8F6050-25B4-4B25-9C03-0F670D35E9A7}.Debug|x64.ActiveCfg = Debug|x64
		{4E8F6050-25B4-4B25-9C03-0F670D35E9A7}.Debug|x64.Build.0 = Debug|x64
		{4E8F6050-25B4-4B25-9C03-0F670D35E9A7}.Debug|x86.ActiveCfg = Debug|Win32
		{4E8F6050-25B4-4B25-9C03-0F670D35E9A7}.Debug|x86.Build.0 = Debug|Win32
		{4E8F6050-25B4-4B25-9C03-0F670D35E9A7}.Release|x64.ActiveCfg = Release|x64
		{4E8F6050-25B4-4B25-9C03-0F670D35E9A7}.Release|x64.Build.0 = Release|x64
		{4E8F6050-25B4-4B25-9C03-0F670D35E9A7}.Release|x86.ActiveCfg = Release|Win32
		{4E8F6050-25B4-4B25-9C03-0F670D35E9A7}.Release|x86.Build.0 = Release|Win32
		{9576C26A-8F28-4B4F-8D8C-92EE4CFEBE5E}.Debug|x64.ActiveCfg = Debug|x64
		{9576C26A-8F28-4B4F-8D8C-92EE4CFEBE5E}.Debug|x64.Build.0 = Debug|x64
		{9576C26A-8F28-4B4F-8D8C-92EE4CFEBE5E}.Debug|x86.ActiveCfg = Debug|Win32
		{9576C26A-8F28-4B4F-8D8C-92EE4CFEBE5E}.Debug|x86.Build.0 = Debug|Win32
		{9576C26A-8F28-4B4F-8D8C-92EE4CFEBE5E}.Release|x64.ActiveCfg = Release|x64
		{9576C26A-8F28-4B4F-8D8C-92EE4CFEBE5E}.Release|x64.Build.0 = Release|x64
		{9576C26A-8F28-4B4F-8D8C-92EE4CFEBE5E}.Release|x86.ActiveCfg = Release|Win32
		{9576C26A-8F28-4B4F-8D8C-92EE4CFEBE5E}.Release|x86.Build.0 = Release|Win32
		{AE9909AA-51BF-401E-A3B0-966A587CD1C0}.Debug|x64.ActiveCfg = Debug|x64
		{AE9909AA-51BF-401E-A3B0-966A587CD1C0}.Debug|x64.Build.0 = Debug|x64
		{AE9909AA-51BF-401E-A3B0-966A587CD1C0}.Debug|x86.ActiveCfg = Debug|Win32
		{AE9909AA-51BF-401E-A3B0-966A587CD1C0}.Debug|x86.Build.0 = Debug|Win32
		{AE9909AA-51BF-401E-A3B0-966A587CD1C0}.Release|x64.ActiveCfg = Release|x64
		{AE9909AA-51BF-401E-A3B0-966A587CD1C0}.Release|x64.Build.0 = Release|x64
		{AE9909AA-51BF-401E-A3B0-966A587CD1C0}.Release|x86.ActiveCfg = Release|Win32
		{AE9909AA-51BF-401E-A3B0-966A587CD1C0}.Release|x86.Build.0 = Release|Win32
		{9BF72423-717F-4889-A81E-7336F7A5AFAE}.Debug|x64.ActiveCfg = Debug|x64
		{9BF72423-717F-4889-A81E-7336F7A5AFAE}.Debug|x64.Build.0 = Debug|x64
		{9BF72423-717F-4889-A81E-7336F7A5AFAE}.Debug|x86.ActiveCfg = Debug|Win32
		{9BF72423-717F-4889-A81E-7336F7A5AFAE}.Debug|x86.Build.0 = Debug|Win32
		{9BF72423-717F-4889-A81E-7336F7A5AFAE}.Release|x64.ActiveCfg = Release|x64
		{9BF72423-717F-4889-A81E-7336F7A5AFAE}.Release|x64.Build.0 = Release|x64
		{9BF72423-717F-4889-A81E-7336F7A5AFAE}.Release|x86.ActiveCfg = Release|Win32
		{9BF72423-717F-4889-A81E-7336F7A5AFAE}.Release|x86.Build.0 = Release|Win32
		{31930FB3-9764-49B8-BE95-0403F9E5DEAC}.Debug|x64.ActiveCfg = Debug|x64
		{31930FB3-9764-49B8-BE95-0403F9E5DEAC}.Debug|x64.Build.0 = Debug|x64
		{31930FB3-9764-49B8-BE95-0403F9E5DEAC}.Debug|x86.ActiveCfg = Debug|Win32
		{31930FB3-9764-49B8-BE95-0403F9E5DEAC}.Debug|x86.Build.0 = Debug|Win32
		{31930FB3-9764-49B8-BE95-0403F9E5DEAC}.Release|x64.ActiveCfg = Release|x64
		{31930FB3-9764-49B8-BE95-0403F9E5DEAC}.Release|x64.Build.0 = Release|x64
		{31930FB3-9764-49B8-BE95-0403F9E5DEAC}.Release|x86.ActiveCfg = Release|Win32
		{31930FB3-9764-49B8-BE95-0403F9E5DEAC}.Release|x86.Build.0 = Release|Win32
	EndGlobalSection
	GlobalSection(SolutionProperties) = preSolution
		HideSolutionNode = FALSE
	EndGlobalSection
	GlobalSection(NestedProjects) = preSolution
		{4541A331-883F-4F2E-870C-CC934FD230FE} = {3E910FC3-40A4-48F0-9D0E-17D833258261}
		{251C5D3B-964A-4208-A32C-C0218E24F3BA} = {3E910FC3-40A4-48F0-9D0E-17D833258261}
		{F142A341-5EE0-442D-A15F-98AE9B48DBAE} = {FE31055E-1CE4-4C51-AA64-B67E2B7A81A6}
		{B0F05409-C785-4208-A893-D79C451B1A66} = {13C90FA4-3E91-4004-9144-DE4410E632D1}
		{B0860421-1CFB-49FF-BF46-F52041E747E2} = {13C90FA4-3E91-4004-9144-DE4410E632D1}
		{4E8F6050-25B4-4B25-9C03-0F670D35E9A7} = {FE31055E-1CE4-4C51-AA64-B67E2B7A81A6}
		{9576C26A-8F28-4B4F-8D8C-92EE4CFEBE5E} = {3E910FC3-40A4-48F0-9D0E-17D833258261}
		{AE9909AA-51BF-401E-A3B0-966A587CD1C0} = {4E34C083-A6FF-4128-90B2-D2A6E1E3575B}
		{9BF72423-717F-4889-A81E-7336F7A5AFAE} = {13C90FA4-3E91-4004-9144-DE4410E632D1}
		{31930FB3-9764-49B8-BE95-0403F9E5DEAC} = {13C90FA4-3E91-4004-9144-DE4410E632D1}
	EndGlobalSection
	GlobalSection(ExtensibilityGlobals) = postSolution
		SolutionGuid = {0B89B0A9-AD53-43DC-8B3E-5BDEBC39FFEE}
	EndGlobalSection
EndGlobal
